<?xml version="1.0" encoding="utf-8"?>
<Project ToolsVersion="4.0" xmlns="http://schemas.microsoft.com/developer/msbuild/2003">
  <ItemGroup>
    <Filter Include="소스 파일">
      <UniqueIdentifier>{4FC737F1-C7A5-4376-A066-2A32D752A2FF}</UniqueIdentifier>
      <Extensions>cpp;c;cc;cxx;def;odl;idl;hpj;bat;asm;asmx</Extensions>
    </Filter>
    <Filter Include="헤더 파일">
      <UniqueIdentifier>{93995380-89BD-4b04-88EB-625FBE52EBFB}</UniqueIdentifier>
      <Extensions>h;hh;hpp;hxx;hm;inl;inc;xsd</Extensions>
    </Filter>
    <Filter Include="리소스 파일">
      <UniqueIdentifier>{67DA6AB6-F800-4c08-8B7A-83BB121AAD01}</UniqueIdentifier>
      <Extensions>rc;ico;cur;bmp;dlg;rc2;rct;bin;rgs;gif;jpg;jpeg;jpe;resx;tiff;tif;png;wav;mfcribbon-ms</Extensions>
    </Filter>
    <Filter Include="헤더 파일\Common">
      <UniqueIdentifier>{c5db3a22-621c-4662-9a29-2aa5523807ce}</UniqueIdentifier>
    </Filter>
    <Filter Include="헤더 파일\Engine">
      <UniqueIdentifier>{0dfe9b39-e1d8-49e9-b8f9-6d6bb8edef99}</UniqueIdentifier>
    </Filter>
    <Filter Include="헤더 파일\Manager">
      <UniqueIdentifier>{c0f9e042-bef1-4510-b89a-70269c800c1b}</UniqueIdentifier>
    </Filter>
    <Filter Include="헤더 파일\Utility">
      <UniqueIdentifier>{f9efe7f3-35a5-4907-a0c6-d06af429a1de}</UniqueIdentifier>
    </Filter>
    <Filter Include="헤더 파일\Shader">
      <UniqueIdentifier>{55e91f7e-132d-449f-8db3-ea6eaa3205aa}</UniqueIdentifier>
    </Filter>
    <Filter Include="헤더 파일\MainEntry">
      <UniqueIdentifier>{cb76af48-f9c3-4e7d-9a56-edf112b10715}</UniqueIdentifier>
    </Filter>
    <Filter Include="헤더 파일\Mesh">
      <UniqueIdentifier>{2ef4a9f6-83e2-40c3-8d13-27277eb49ea6}</UniqueIdentifier>
    </Filter>
    <Filter Include="헤더 파일\Effect">
      <UniqueIdentifier>{60513999-308b-4655-b9b3-31666cc8ab15}</UniqueIdentifier>
    </Filter>
    <Filter Include="헤더 파일\Object">
      <UniqueIdentifier>{8c6deca0-a3f4-4c40-91a4-c4558a0aa6b1}</UniqueIdentifier>
    </Filter>
    <Filter Include="헤더 파일\Scene">
      <UniqueIdentifier>{5ab873d6-2560-4cac-990a-3c86c468f24e}</UniqueIdentifier>
    </Filter>
    <Filter Include="헤더 파일\Object\Camera">
      <UniqueIdentifier>{1f22765e-c99a-48e4-bb6e-1e6a03ca69f8}</UniqueIdentifier>
    </Filter>
    <Filter Include="헤더 파일\Light">
      <UniqueIdentifier>{03164ea5-a821-4f8b-98f2-9efc531533f1}</UniqueIdentifier>
    </Filter>
    <Filter Include="헤더 파일\Material&amp;Texture">
      <UniqueIdentifier>{3b714b15-cb88-40ba-b223-13c37b05806b}</UniqueIdentifier>
    </Filter>
  </ItemGroup>
  <ItemGroup>
    <Text Include="ReadMe.txt" />
  </ItemGroup>
  <ItemGroup>
    <ClInclude Include="Resource.h">
      <Filter>헤더 파일\Common</Filter>
    </ClInclude>
    <ClInclude Include="stdafx.h">
      <Filter>헤더 파일\Common</Filter>
    </ClInclude>
    <ClInclude Include="targetver.h">
      <Filter>헤더 파일\Common</Filter>
    </ClInclude>
    <ClInclude Include="ShaderManager.h">
      <Filter>헤더 파일\Manager</Filter>
    </ClInclude>
    <ClInclude Include="Utility.h">
      <Filter>헤더 파일\Utility</Filter>
    </ClInclude>
    <ClInclude Include="Singleton.h">
      <Filter>헤더 파일\Utility</Filter>
    </ClInclude>
    <ClInclude Include="GameTimer.h">
      <Filter>헤더 파일\Utility</Filter>
    </ClInclude>
    <ClInclude Include="VREngine.h">
      <Filter>헤더 파일\Engine</Filter>
    </ClInclude>
    <ClInclude Include="Shader.h">
      <Filter>헤더 파일\Shader</Filter>
    </ClInclude>
    <ClInclude Include="Tutorial02Shader.h">
      <Filter>헤더 파일\Shader</Filter>
    </ClInclude>
    <ClInclude Include="ElementType.h">
      <Filter>헤더 파일\Common</Filter>
    </ClInclude>
    <ClInclude Include="VisualRenderingEngine.h">
      <Filter>헤더 파일\MainEntry</Filter>
    </ClInclude>
    <ClInclude Include="Mesh.h">
      <Filter>헤더 파일\Mesh</Filter>
    </ClInclude>
    <ClInclude Include="TriangleMesh.h">
      <Filter>헤더 파일\Mesh</Filter>
    </ClInclude>
    <ClInclude Include="DiffusedMesh.h">
      <Filter>헤더 파일\Mesh</Filter>
    </ClInclude>
    <ClInclude Include="Tutorial03Shader.h">
      <Filter>헤더 파일\Shader</Filter>
    </ClInclude>
    <ClInclude Include="CubeMesh.h">
      <Filter>헤더 파일\Mesh</Filter>
    </ClInclude>
    <ClInclude Include="Entity.h">
      <Filter>헤더 파일\Object</Filter>
    </ClInclude>
    <ClInclude Include="SlotType.h">
      <Filter>헤더 파일\Common</Filter>
    </ClInclude>
    <ClInclude Include="CubeEntity.h">
      <Filter>헤더 파일\Object</Filter>
    </ClInclude>
    <ClInclude Include="BufferStructs.h">
      <Filter>헤더 파일\Common</Filter>
    </ClInclude>
    <ClInclude Include="VertexStructs.h">
      <Filter>헤더 파일\Common</Filter>
    </ClInclude>
    <ClInclude Include="DynamicEntity.h">
      <Filter>헤더 파일\Object</Filter>
    </ClInclude>
    <ClInclude Include="InputManager.h">
      <Filter>헤더 파일\Manager</Filter>
    </ClInclude>
    <ClInclude Include="Camera.h">
      <Filter>헤더 파일\Object\Camera</Filter>
    </ClInclude>
    <ClInclude Include="DXException.h">
      <Filter>헤더 파일\Utility</Filter>
    </ClInclude>
    <ClInclude Include="Scene.h">
      <Filter>헤더 파일\Scene</Filter>
    </ClInclude>
    <ClInclude Include="CNameGenerator.h">
      <Filter>헤더 파일\Utility</Filter>
    </ClInclude>
    <ClInclude Include="MyScene.h">
      <Filter>헤더 파일\Scene</Filter>
    </ClInclude>
    <ClInclude Include="TerrainManager.h">
      <Filter>헤더 파일\Manager</Filter>
    </ClInclude>
    <ClInclude Include="GeometryGenerator.h">
      <Filter>헤더 파일\Manager</Filter>
    </ClInclude>
    <ClInclude Include="TerrainMesh.h">
      <Filter>헤더 파일\Mesh</Filter>
    </ClInclude>
    <ClInclude Include="TerrainShader.h">
      <Filter>헤더 파일\Shader</Filter>
    </ClInclude>
    <ClInclude Include="TerrainEntity.h">
      <Filter>헤더 파일\Object</Filter>
    </ClInclude>
    <ClInclude Include="Light.h">
      <Filter>헤더 파일\Light</Filter>
    </ClInclude>
    <ClInclude Include="Material.h">
      <Filter>헤더 파일\Material&amp;Texture</Filter>
    </ClInclude>
    <ClInclude Include="LigtingExamShader.h">
      <Filter>헤더 파일\Shader</Filter>
    </ClInclude>
    <ClInclude Include="NormalMesh.h">
      <Filter>헤더 파일\Mesh</Filter>
    </ClInclude>
    <ClInclude Include="Texture.h">
      <Filter>헤더 파일\Material&amp;Texture</Filter>
    </ClInclude>
    <ClInclude Include="TextureManager.h">
      <Filter>헤더 파일\Manager</Filter>
    </ClInclude>
    <ClInclude Include="LightManager.h">
      <Filter>헤더 파일\Manager</Filter>
    </ClInclude>
    <ClInclude Include="TSTerrainShader.h">
      <Filter>헤더 파일\Shader</Filter>
    </ClInclude>
    <ClInclude Include="TSTerrainMesh.h">
      <Filter>헤더 파일\Mesh</Filter>
    </ClInclude>
  </ItemGroup>
  <ItemGroup>
    <ClCompile Include="VREngine.cpp">
      <Filter>헤더 파일\Engine</Filter>
    </ClCompile>
    <ClCompile Include="stdafx.cpp">
      <Filter>헤더 파일\Common</Filter>
    </ClCompile>
    <ClCompile Include="ShaderManager.cpp">
      <Filter>헤더 파일\Manager</Filter>
    </ClCompile>
    <ClCompile Include="GameTimer.cpp">
      <Filter>헤더 파일\Utility</Filter>
    </ClCompile>
    <ClCompile Include="Shader.cpp">
      <Filter>헤더 파일\Shader</Filter>
    </ClCompile>
    <ClCompile Include="Tutorial02Shader.cpp">
      <Filter>헤더 파일\Shader</Filter>
    </ClCompile>
    <ClCompile Include="VisualRenderingEngine.cpp">
      <Filter>헤더 파일\MainEntry</Filter>
    </ClCompile>
    <ClCompile Include="Mesh.cpp">
      <Filter>헤더 파일\Mesh</Filter>
    </ClCompile>
    <ClCompile Include="TriangleMesh.cpp">
      <Filter>헤더 파일\Mesh</Filter>
    </ClCompile>
    <ClCompile Include="DiffusedMesh.cpp">
      <Filter>헤더 파일\Mesh</Filter>
    </ClCompile>
    <ClCompile Include="Tutorial03Shader.cpp">
      <Filter>헤더 파일\Shader</Filter>
    </ClCompile>
    <ClCompile Include="CubeMesh.cpp">
      <Filter>헤더 파일\Mesh</Filter>
    </ClCompile>
    <ClCompile Include="Entity.cpp">
      <Filter>헤더 파일\Object</Filter>
    </ClCompile>
    <ClCompile Include="CubeEntity.cpp">
      <Filter>헤더 파일\Object</Filter>
    </ClCompile>
    <ClCompile Include="DynamicEntity.cpp">
      <Filter>헤더 파일\Object</Filter>
    </ClCompile>
    <ClCompile Include="InputManager.cpp">
      <Filter>헤더 파일\Manager</Filter>
    </ClCompile>
    <ClCompile Include="Camera.cpp">
      <Filter>헤더 파일\Object\Camera</Filter>
    </ClCompile>
    <ClCompile Include="DXException.cpp">
      <Filter>헤더 파일\Utility</Filter>
    </ClCompile>
    <ClCompile Include="Scene.cpp">
      <Filter>헤더 파일\Scene</Filter>
    </ClCompile>
    <ClCompile Include="MyScene.cpp">
      <Filter>헤더 파일\Scene</Filter>
    </ClCompile>
    <ClCompile Include="TerrainManager.cpp">
      <Filter>헤더 파일\Manager</Filter>
    </ClCompile>
    <ClCompile Include="GeometryGenerator.cpp">
      <Filter>헤더 파일\Manager</Filter>
    </ClCompile>
    <ClCompile Include="TerrainMesh.cpp">
      <Filter>헤더 파일\Mesh</Filter>
    </ClCompile>
    <ClCompile Include="TerrainShader.cpp">
      <Filter>헤더 파일\Shader</Filter>
    </ClCompile>
    <ClCompile Include="TerrainEntity.cpp">
      <Filter>헤더 파일\Object</Filter>
    </ClCompile>
    <ClCompile Include="Light.cpp">
      <Filter>헤더 파일\Light</Filter>
    </ClCompile>
    <ClCompile Include="Material.cpp">
      <Filter>헤더 파일\Material&amp;Texture</Filter>
    </ClCompile>
    <ClCompile Include="LigtingExamShader.cpp">
      <Filter>헤더 파일\Shader</Filter>
    </ClCompile>
    <ClCompile Include="NormalMesh.cpp">
      <Filter>헤더 파일\Mesh</Filter>
    </ClCompile>
    <ClCompile Include="Texture.cpp">
      <Filter>헤더 파일\Material&amp;Texture</Filter>
    </ClCompile>
    <ClCompile Include="TextureManager.cpp">
      <Filter>헤더 파일\Manager</Filter>
    </ClCompile>
    <ClCompile Include="LightManager.cpp">
      <Filter>헤더 파일\Manager</Filter>
    </ClCompile>
    <ClCompile Include="TSTerrainShader.cpp">
      <Filter>헤더 파일\Shader</Filter>
    </ClCompile>
    <ClCompile Include="Utility.cpp">
      <Filter>헤더 파일\Utility</Filter>
    </ClCompile>
    <ClCompile Include="TSTerrainMesh.cpp">
      <Filter>헤더 파일\Mesh</Filter>
    </ClCompile>
  </ItemGroup>
  <ItemGroup>
    <ResourceCompile Include="VisualRenderingEngine.rc">
      <Filter>리소스 파일</Filter>
    </ResourceCompile>
  </ItemGroup>
  <ItemGroup>
    <Image Include="small.ico">
      <Filter>리소스 파일</Filter>
    </Image>
    <Image Include="VisualRenderingEngine.ico">
      <Filter>리소스 파일</Filter>
    </Image>
  </ItemGroup>
  <ItemGroup>
    <FxCompile Include="Effect.fx">
      <Filter>헤더 파일\Effect</Filter>
    </FxCompile>
    <FxCompile Include="Light.fx">
      <Filter>헤더 파일\Effect</Filter>
    </FxCompile>
    <FxCompile Include="Terrain.fx">
      <Filter>헤더 파일\Effect</Filter>
    </FxCompile>
  </ItemGroup>
</Project>